
Microsoft Visual Studio Solution File, Format Version 12.00
# Visual Studio Version 16
VisualStudioVersion = 16.0.30907.101
MinimumVisualStudioVersion = 10.0.40219.1
Project("{9A19103F-16F7-4668-BE54-9A1E7A4F7556}") = "KampIntro", "KampIntro\KampIntro.csproj", "{B758608D-5550-4E00-ACF7-2008A59FFAD6}"
EndProject
Project("{9A19103F-16F7-4668-BE54-9A1E7A4F7556}") = "Donguler", "Donguler\Donguler.csproj", "{C1E3506A-462E-4206-8D47-A0C14B3F84D5}"
EndProject
Project("{9A19103F-16F7-4668-BE54-9A1E7A4F7556}") = "ClassIntro", "ClassIntro\ClassIntro.csproj", "{103C9E80-10FC-47E6-872E-40EC3647D142}"
EndProject
Project("{9A19103F-16F7-4668-BE54-9A1E7A4F7556}") = "Metotlar", "Metotlar\Metotlar.csproj", "{ADB1CFAD-D8B3-4AF9-BE73-22C668A9F4D8}"
EndProject
Project("{9A19103F-16F7-4668-BE54-9A1E7A4F7556}") = "Matematik", "Matematik\Matematik.csproj", "{F8151158-6721-4232-A7D9-721901F07065}"
EndProject
Project("{FAE04EC0-301F-11D3-BF4B-00C04F79EFBC}") = "DegerVeReferansTipler", "DegerVeReferansTipler\DegerVeReferansTipler.csproj", "{0AC1B795-542A-404E-805B-2C34A239E3F9}"
EndProject
Global
	GlobalSection(SolutionConfigurationPlatforms) = preSolution
		Debug|Any CPU = Debug|Any CPU
		Release|Any CPU = Release|Any CPU
	EndGlobalSection
	GlobalSection(ProjectConfigurationPlatforms) = postSolution
		{B758608D-5550-4E00-ACF7-2008A59FFAD6}.Debug|Any CPU.ActiveCfg = Debug|Any CPU
		{B758608D-5550-4E00-ACF7-2008A59FFAD6}.Debug|Any CPU.Build.0 = Debug|Any CPU
		{B758608D-5550-4E00-ACF7-2008A59FFAD6}.Release|Any CPU.ActiveCfg = Release|Any CPU
		{B758608D-5550-4E00-ACF7-2008A59FFAD6}.Release|Any CPU.Build.0 = Release|Any CPU
		{C1E3506A-462E-4206-8D47-A0C14B3F84D5}.Debug|Any CPU.ActiveCfg = Debug|Any CPU
		{C1E3506A-462E-4206-8D47-A0C14B3F84D5}.Debug|Any CPU.Build.0 = Debug|Any CPU
		{C1E3506A-462E-4206-8D47-A0C14B3F84D5}.Release|Any CPU.ActiveCfg = Release|Any CPU
		{C1E3506A-462E-4206-8D47-A0C14B3F84D5}.Release|Any CPU.Build.0 = Release|Any CPU
		{103C9E80-10FC-47E6-872E-40EC3647D142}.Debug|Any CPU.ActiveCfg = Debug|Any CPU
		{103C9E80-10FC-47E6-872E-40EC3647D142}.Debug|Any CPU.Build.0 = Debug|Any CPU
		{103C9E80-10FC-47E6-872E-40EC3647D142}.Release|Any CPU.ActiveCfg = Release|Any CPU
		{103C9E80-10FC-47E6-872E-40EC3647D142}.Release|Any CPU.Build.0 = Release|Any CPU
		{ADB1CFAD-D8B3-4AF9-BE73-22C668A9F4D8}.Debug|Any CPU.ActiveCfg = Debug|Any CPU
		{ADB1CFAD-D8B3-4AF9-BE73-22C668A9F4D8}.Debug|Any CPU.Build.0 = Debug|Any CPU
		{ADB1CFAD-D8B3-4AF9-BE73-22C668A9F4D8}.Release|Any CPU.ActiveCfg = Release|Any CPU
		{ADB1CFAD-D8B3-4AF9-BE73-22C668A9F4D8}.Release|Any CPU.Build.0 = Release|Any CPU
		{F8151158-6721-4232-A7D9-721901F07065}.Debug|Any CPU.ActiveCfg = Debug|Any CPU
		{F8151158-6721-4232-A7D9-721901F07065}.Debug|Any CPU.Build.0 = Debug|Any CPU
		{F8151158-6721-4232-A7D9-721901F07065}.Release|Any CPU.ActiveCfg = Release|Any CPU
		{F8151158-6721-4232-A7D9-721901F07065}.Release|Any CPU.Build.0 = Release|Any CPU
		{0AC1B795-542A-404E-805B-2C34A239E3F9}.Debug|Any CPU.ActiveCfg = Debug|Any CPU
		{0AC1B795-542A-404E-805B-2C34A239E3F9}.Debug|Any CPU.Build.0 = Debug|Any CPU
		{0AC1B795-542A-404E-805B-2C34A239E3F9}.Release|Any CPU.ActiveCfg = Release|Any CPU
		{0AC1B795-542A-404E-805B-2C34A239E3F9}.Release|Any CPU.Build.0 = Release|Any CPU
	EndGlobalSection
	GlobalSection(SolutionProperties) = preSolution
		HideSolutionNode = FALSE
	EndGlobalSection
	GlobalSection(ExtensibilityGlobals) = postSolution
		SolutionGuid = {FF3E5A40-7148-49BE-80E2-F82C89178975}
	EndGlobalSection
EndGlobal
